
Microsoft Visual Studio Solution File, Format Version 12.00
# Visual Studio Version 17
VisualStudioVersion = 17.2.32519.379
MinimumVisualStudioVersion = 10.0.40219.1
Project("{FAE04EC0-301F-11D3-BF4B-00C04F79EFBC}") = "DemoApi9_12", "DemoApi9_12\DemoApi9_12.csproj", "{A4138CA5-D358-4E17-B234-7501C61DC36B}"
EndProject
Global
	GlobalSection(SolutionConfigurationPlatforms) = preSolution
		Debug|Any CPU = Debug|Any CPU
		Release|Any CPU = Release|Any CPU
	EndGlobalSection
	GlobalSection(ProjectConfigurationPlatforms) = postSolution
		{A4138CA5-D358-4E17-B234-7501C61DC36B}.Debug|Any CPU.ActiveCfg = Debug|Any CPU
		{A4138CA5-D358-4E17-B234-7501C61DC36B}.Debug|Any CPU.Build.0 = Debug|Any CPU
		{A4138CA5-D358-4E17-B234-7501C61DC36B}.Release|Any CPU.ActiveCfg = Release|Any CPU
		{A4138CA5-D358-4E17-B234-7501C61DC36B}.Release|Any CPU.Build.0 = Release|Any CPU
	EndGlobalSection
	GlobalSection(SolutionProperties) = preSolution
		HideSolutionNode = FALSE
	EndGlobalSection
	GlobalSection(ExtensibilityGlobals) = postSolution
		SolutionGuid = {71B5036B-9DBF-4F80-A7AE-CA7B75CE89F7}
	EndGlobalSection
EndGlobal
